
Microsoft Visual Studio Solution File, Format Version 12.00
# Visual Studio 15
VisualStudioVersion = 15.0.28307.1231
MinimumVisualStudioVersion = 10.0.40219.1
Project("{8BC9CEB8-8B4A-11D0-8D11-00A0C91BC942}") = "Cosmic", "Cosmic\Cosmic.vcxproj", "{58229380-A2A9-431F-AD81-3A233325E793}"
EndProject
Project("{FAE04EC0-301F-11D3-BF4B-00C04F79EFBC}") = "CosmicIntrospection", "CosmicIntrospection\CosmicIntrospection.csproj", "{1EDCEAA0-88CC-41CF-881B-5593B598B797}"
EndProject
Project("{FAE04EC0-301F-11D3-BF4B-00C04F79EFBC}") = "CosmicAssetPreprocessing", "CosmicAssetPreprocessing\CosmicAssetPreprocessing.csproj", "{37AAB3C3-78EC-4A83-B2BA-8AD5E3BD2715}"
EndProject
Global
	GlobalSection(SolutionConfigurationPlatforms) = preSolution
		Debug|Any CPU = Debug|Any CPU
		Debug|x64 = Debug|x64
		Release|Any CPU = Release|Any CPU
		Release|x64 = Release|x64
	EndGlobalSection
	GlobalSection(ProjectConfigurationPlatforms) = postSolution
		{58229380-A2A9-431F-AD81-3A233325E793}.Debug|Any CPU.ActiveCfg = Debug|x64
		{58229380-A2A9-431F-AD81-3A233325E793}.Debug|x64.ActiveCfg = Debug|x64
		{58229380-A2A9-431F-AD81-3A233325E793}.Debug|x64.Build.0 = Debug|x64
		{58229380-A2A9-431F-AD81-3A233325E793}.Release|Any CPU.ActiveCfg = Release|x64
		{58229380-A2A9-431F-AD81-3A233325E793}.Release|x64.ActiveCfg = Release|x64
		{58229380-A2A9-431F-AD81-3A233325E793}.Release|x64.Build.0 = Release|x64
		{1EDCEAA0-88CC-41CF-881B-5593B598B797}.Debug|Any CPU.ActiveCfg = Debug|Any CPU
		{1EDCEAA0-88CC-41CF-881B-5593B598B797}.Debug|Any CPU.Build.0 = Debug|Any CPU
		{1EDCEAA0-88CC-41CF-881B-5593B598B797}.Debug|x64.ActiveCfg = Debug|Any CPU
		{1EDCEAA0-88CC-41CF-881B-5593B598B797}.Debug|x64.Build.0 = Debug|Any CPU
		{1EDCEAA0-88CC-41CF-881B-5593B598B797}.Release|Any CPU.ActiveCfg = Release|Any CPU
		{1EDCEAA0-88CC-41CF-881B-5593B598B797}.Release|Any CPU.Build.0 = Release|Any CPU
		{1EDCEAA0-88CC-41CF-881B-5593B598B797}.Release|x64.ActiveCfg = Release|Any CPU
		{1EDCEAA0-88CC-41CF-881B-5593B598B797}.Release|x64.Build.0 = Release|Any CPU
		{37AAB3C3-78EC-4A83-B2BA-8AD5E3BD2715}.Debug|Any CPU.ActiveCfg = Debug|Any CPU
		{37AAB3C3-78EC-4A83-B2BA-8AD5E3BD2715}.Debug|Any CPU.Build.0 = Debug|Any CPU
		{37AAB3C3-78EC-4A83-B2BA-8AD5E3BD2715}.Debug|x64.ActiveCfg = Debug|Any CPU
		{37AAB3C3-78EC-4A83-B2BA-8AD5E3BD2715}.Debug|x64.Build.0 = Debug|Any CPU
		{37AAB3C3-78EC-4A83-B2BA-8AD5E3BD2715}.Release|Any CPU.ActiveCfg = Release|Any CPU
		{37AAB3C3-78EC-4A83-B2BA-8AD5E3BD2715}.Release|Any CPU.Build.0 = Release|Any CPU
		{37AAB3C3-78EC-4A83-B2BA-8AD5E3BD2715}.Release|x64.ActiveCfg = Release|Any CPU
		{37AAB3C3-78EC-4A83-B2BA-8AD5E3BD2715}.Release|x64.Build.0 = Release|Any CPU
	EndGlobalSection
	GlobalSection(SolutionProperties) = preSolution
		HideSolutionNode = FALSE
	EndGlobalSection
	GlobalSection(ExtensibilityGlobals) = postSolution
		SolutionGuid = {B7BAC391-05D0-4DE2-AE5D-05B54FE02E64}
	EndGlobalSection
EndGlobal
